
Microsoft Visual Studio Solution File, Format Version 12.00
# Visual Studio Version 17
VisualStudioVersion = 17.13.35931.197 d17.13
MinimumVisualStudioVersion = 10.0.40219.1
Project("{FAE04EC0-301F-11D3-BF4B-00C04F79EFBC}") = "WpfApp1", "WpfApp1.csproj", "{C2FB8C15-7FB5-4C16-B41E-C812B61130D5}"
EndProject
Global
	GlobalSection(SolutionConfigurationPlatforms) = preSolution
		Debug|Any CPU = Debug|Any CPU
		Release|Any CPU = Release|Any CPU
	EndGlobalSection
	GlobalSection(ProjectConfigurationPlatforms) = postSolution
		{C2FB8C15-7FB5-4C16-B41E-C812B61130D5}.Debug|Any CPU.ActiveCfg = Debug|Any CPU
		{C2FB8C15-7FB5-4C16-B41E-C812B61130D5}.Debug|Any CPU.Build.0 = Debug|Any CPU
		{C2FB8C15-7FB5-4C16-B41E-C812B61130D5}.Release|Any CPU.ActiveCfg = Release|Any CPU
		{C2FB8C15-7FB5-4C16-B41E-C812B61130D5}.Release|Any CPU.Build.0 = Release|Any CPU
	EndGlobalSection
	GlobalSection(SolutionProperties) = preSolution
		HideSolutionNode = FALSE
	EndGlobalSection
	GlobalSection(ExtensibilityGlobals) = postSolution
		SolutionGuid = {96A97DB5-718E-4EE8-AA1E-A857E88F8931}
	EndGlobalSection
EndGlobal
